
Microsoft Visual Studio Solution File, Format Version 12.00
# Visual Studio 15
VisualStudioVersion = 15.0.27130.2003
MinimumVisualStudioVersion = 15.0
Project("{9A19103F-16F7-4668-BE54-9A1E7A4F7556}") = "ServiceBroker", "ServiceBroker\ServiceBroker.csproj", "{73596CDB-BDDB-46D4-9432-FA16FDBDB1D3}"
EndProject
Project("{9A19103F-16F7-4668-BE54-9A1E7A4F7556}") = "UnitTests", "UnitTests\UnitTests.csproj", "{20B8388E-46D8-4263-AEBD-EC14DD2E4477}"
EndProject
Project("{E53339B2-1760-4266-BCC7-CA923CBCF16C}") = "docker-compose", "docker-compose.dcproj", "{C00A67A5-E0EE-4DD1-9A99-A7C00B9A6D50}"
EndProject
Project("{2150E333-8FDC-42A3-9474-1A3956D46DE8}") = "Helm", "Helm", "{DE2C55D8-8D71-481E-B8DD-E5714FB7E223}"
ProjectSection(SolutionItems) = preProject
	..\charts\myvendor-servicebroker\Chart.yaml = ..\charts\myvendor-servicebroker\Chart.yaml
	..\charts\myvendor-servicebroker\helmfile.repos.yaml = ..\charts\myvendor-servicebroker\helmfile.repos.yaml
	..\charts\myvendor-servicebroker\helmfile.yaml = ..\charts\myvendor-servicebroker\helmfile.yaml
	..\charts\myvendor-servicebroker\README.md = ..\charts\myvendor-servicebroker\README.md
	..\charts\myvendor-servicebroker\requirements.yaml = ..\charts\myvendor-servicebroker\requirements.yaml
	..\charts\myvendor-servicebroker\values.yaml = ..\charts\myvendor-servicebroker\values.yaml
	..\charts\myvendor-servicebroker\templates\clusterservicebroker.yaml = ..\charts\myvendor-servicebroker\templates\clusterservicebroker.yaml
EndProjectSection
EndProject
Global
	GlobalSection(SolutionConfigurationPlatforms) = preSolution
		Debug|Any CPU = Debug|Any CPU
		Release|Any CPU = Release|Any CPU
	EndGlobalSection
	GlobalSection(ProjectConfigurationPlatforms) = postSolution
		{73596CDB-BDDB-46D4-9432-FA16FDBDB1D3}.Debug|Any CPU.ActiveCfg = Debug|Any CPU
		{73596CDB-BDDB-46D4-9432-FA16FDBDB1D3}.Debug|Any CPU.Build.0 = Debug|Any CPU
		{73596CDB-BDDB-46D4-9432-FA16FDBDB1D3}.Release|Any CPU.ActiveCfg = Release|Any CPU
		{73596CDB-BDDB-46D4-9432-FA16FDBDB1D3}.Release|Any CPU.Build.0 = Release|Any CPU
		{20B8388E-46D8-4263-AEBD-EC14DD2E4477}.Debug|Any CPU.ActiveCfg = Debug|Any CPU
		{20B8388E-46D8-4263-AEBD-EC14DD2E4477}.Debug|Any CPU.Build.0 = Debug|Any CPU
		{20B8388E-46D8-4263-AEBD-EC14DD2E4477}.Release|Any CPU.ActiveCfg = Release|Any CPU
		{20B8388E-46D8-4263-AEBD-EC14DD2E4477}.Release|Any CPU.Build.0 = Release|Any CPU
		{C00A67A5-E0EE-4DD1-9A99-A7C00B9A6D50}.Debug|Any CPU.ActiveCfg = Debug|Any CPU
		{C00A67A5-E0EE-4DD1-9A99-A7C00B9A6D50}.Debug|Any CPU.Build.0 = Debug|Any CPU
		{C00A67A5-E0EE-4DD1-9A99-A7C00B9A6D50}.Release|Any CPU.ActiveCfg = Release|Any CPU
		{C00A67A5-E0EE-4DD1-9A99-A7C00B9A6D50}.Release|Any CPU.Build.0 = Release|Any CPU
	EndGlobalSection
	GlobalSection(SolutionProperties) = preSolution
		HideSolutionNode = FALSE
	EndGlobalSection
EndGlobal
